
Microsoft Visual Studio Solution File, Format Version 12.00
# Visual Studio Version 17
VisualStudioVersion = 17.8.34525.116
MinimumVisualStudioVersion = 10.0.40219.1
Project("{FAE04EC0-301F-11D3-BF4B-00C04F79EFBC}") = "Linq2", "Linq2\Linq2.csproj", "{153EB1B8-0585-4791-AD3D-6231EE7468E3}"
EndProject
Global
	GlobalSection(SolutionConfigurationPlatforms) = preSolution
		Debug|Any CPU = Debug|Any CPU
		Release|Any CPU = Release|Any CPU
	EndGlobalSection
	GlobalSection(ProjectConfigurationPlatforms) = postSolution
		{153EB1B8-0585-4791-AD3D-6231EE7468E3}.Debug|Any CPU.ActiveCfg = Debug|Any CPU
		{153EB1B8-0585-4791-AD3D-6231EE7468E3}.Debug|Any CPU.Build.0 = Debug|Any CPU
		{153EB1B8-0585-4791-AD3D-6231EE7468E3}.Release|Any CPU.ActiveCfg = Release|Any CPU
		{153EB1B8-0585-4791-AD3D-6231EE7468E3}.Release|Any CPU.Build.0 = Release|Any CPU
	EndGlobalSection
	GlobalSection(SolutionProperties) = preSolution
		HideSolutionNode = FALSE
	EndGlobalSection
	GlobalSection(ExtensibilityGlobals) = postSolution
		SolutionGuid = {0E2E21BE-3C83-4B23-B6B3-93988D7238B0}
	EndGlobalSection
EndGlobal
